
Microsoft Visual Studio Solution File, Format Version 12.00
# Visual Studio Version 17
VisualStudioVersion = 17.6.33717.318
MinimumVisualStudioVersion = 10.0.40219.1
Project("{FAE04EC0-301F-11D3-BF4B-00C04F79EFBC}") = "Chartify", "Chartify.csproj", "{1934878E-77AD-4835-A361-364F3B64E8F4}"
EndProject
Global
	GlobalSection(SolutionConfigurationPlatforms) = preSolution
		Debug|Any CPU = Debug|Any CPU
		Release|Any CPU = Release|Any CPU
	EndGlobalSection
	GlobalSection(ProjectConfigurationPlatforms) = postSolution
		{1934878E-77AD-4835-A361-364F3B64E8F4}.Debug|Any CPU.ActiveCfg = Debug|Any CPU
		{1934878E-77AD-4835-A361-364F3B64E8F4}.Debug|Any CPU.Build.0 = Debug|Any CPU
		{1934878E-77AD-4835-A361-364F3B64E8F4}.Release|Any CPU.ActiveCfg = Release|Any CPU
		{1934878E-77AD-4835-A361-364F3B64E8F4}.Release|Any CPU.Build.0 = Release|Any CPU
	EndGlobalSection
	GlobalSection(SolutionProperties) = preSolution
		HideSolutionNode = FALSE
	EndGlobalSection
	GlobalSection(ExtensibilityGlobals) = postSolution
		SolutionGuid = {2F9500AA-BFE3-4033-9B2B-567442A0D775}
	EndGlobalSection
EndGlobal
